
Microsoft Visual Studio Solution File, Format Version 12.00
# Visual Studio Version 17
VisualStudioVersion = 17.0.31903.59
MinimumVisualStudioVersion = 10.0.40219.1
Project("{FAE04EC0-301F-11D3-BF4B-00C04F79EFBC}") = "Jokempo.UI", "Jokempo.UI\Jokempo.UI.csproj", "{06D3107D-64BC-4F74-A783-3B916A340B94}"
EndProject
Project("{FAE04EC0-301F-11D3-BF4B-00C04F79EFBC}") = "Jokempo.Core", "Jokempo.Core\Jokempo.Core.csproj", "{16435FDF-CB8A-49B6-910D-650CCE1763CB}"
EndProject
Global
	GlobalSection(SolutionConfigurationPlatforms) = preSolution
		Debug|Any CPU = Debug|Any CPU
		Debug|x64 = Debug|x64
		Debug|x86 = Debug|x86
		Release|Any CPU = Release|Any CPU
		Release|x64 = Release|x64
		Release|x86 = Release|x86
	EndGlobalSection
	GlobalSection(ProjectConfigurationPlatforms) = postSolution
		{06D3107D-64BC-4F74-A783-3B916A340B94}.Debug|Any CPU.ActiveCfg = Debug|Any CPU
		{06D3107D-64BC-4F74-A783-3B916A340B94}.Debug|Any CPU.Build.0 = Debug|Any CPU
		{06D3107D-64BC-4F74-A783-3B916A340B94}.Debug|x64.ActiveCfg = Debug|Any CPU
		{06D3107D-64BC-4F74-A783-3B916A340B94}.Debug|x64.Build.0 = Debug|Any CPU
		{06D3107D-64BC-4F74-A783-3B916A340B94}.Debug|x86.ActiveCfg = Debug|Any CPU
		{06D3107D-64BC-4F74-A783-3B916A340B94}.Debug|x86.Build.0 = Debug|Any CPU
		{06D3107D-64BC-4F74-A783-3B916A340B94}.Release|Any CPU.ActiveCfg = Release|Any CPU
		{06D3107D-64BC-4F74-A783-3B916A340B94}.Release|Any CPU.Build.0 = Release|Any CPU
		{06D3107D-64BC-4F74-A783-3B916A340B94}.Release|x64.ActiveCfg = Release|Any CPU
		{06D3107D-64BC-4F74-A783-3B916A340B94}.Release|x64.Build.0 = Release|Any CPU
		{06D3107D-64BC-4F74-A783-3B916A340B94}.Release|x86.ActiveCfg = Release|Any CPU
		{06D3107D-64BC-4F74-A783-3B916A340B94}.Release|x86.Build.0 = Release|Any CPU
		{16435FDF-CB8A-49B6-910D-650CCE1763CB}.Debug|Any CPU.ActiveCfg = Debug|Any CPU
		{16435FDF-CB8A-49B6-910D-650CCE1763CB}.Debug|Any CPU.Build.0 = Debug|Any CPU
		{16435FDF-CB8A-49B6-910D-650CCE1763CB}.Debug|x64.ActiveCfg = Debug|Any CPU
		{16435FDF-CB8A-49B6-910D-650CCE1763CB}.Debug|x64.Build.0 = Debug|Any CPU
		{16435FDF-CB8A-49B6-910D-650CCE1763CB}.Debug|x86.ActiveCfg = Debug|Any CPU
		{16435FDF-CB8A-49B6-910D-650CCE1763CB}.Debug|x86.Build.0 = Debug|Any CPU
		{16435FDF-CB8A-49B6-910D-650CCE1763CB}.Release|Any CPU.ActiveCfg = Release|Any CPU
		{16435FDF-CB8A-49B6-910D-650CCE1763CB}.Release|Any CPU.Build.0 = Release|Any CPU
		{16435FDF-CB8A-49B6-910D-650CCE1763CB}.Release|x64.ActiveCfg = Release|Any CPU
		{16435FDF-CB8A-49B6-910D-650CCE1763CB}.Release|x64.Build.0 = Release|Any CPU
		{16435FDF-CB8A-49B6-910D-650CCE1763CB}.Release|x86.ActiveCfg = Release|Any CPU
		{16435FDF-CB8A-49B6-910D-650CCE1763CB}.Release|x86.Build.0 = Release|Any CPU
	EndGlobalSection
	GlobalSection(SolutionProperties) = preSolution
		HideSolutionNode = FALSE
	EndGlobalSection
EndGlobal
